
Microsoft Visual Studio Solution File, Format Version 12.00
# Visual Studio Version 17
VisualStudioVersion = 17.1.32210.238
MinimumVisualStudioVersion = 10.0.40219.1
Project("{FAE04EC0-301F-11D3-BF4B-00C04F79EFBC}") = "GetSingleProduct", "GetSingleProduct\GetSingleProduct.csproj", "{0297798D-64E1-4255-B6EC-213A72669657}"
EndProject
Global
	GlobalSection(SolutionConfigurationPlatforms) = preSolution
		Debug|Any CPU = Debug|Any CPU
		Release|Any CPU = Release|Any CPU
	EndGlobalSection
	GlobalSection(ProjectConfigurationPlatforms) = postSolution
		{0297798D-64E1-4255-B6EC-213A72669657}.Debug|Any CPU.ActiveCfg = Debug|Any CPU
		{0297798D-64E1-4255-B6EC-213A72669657}.Debug|Any CPU.Build.0 = Debug|Any CPU
		{0297798D-64E1-4255-B6EC-213A72669657}.Release|Any CPU.ActiveCfg = Release|Any CPU
		{0297798D-64E1-4255-B6EC-213A72669657}.Release|Any CPU.Build.0 = Release|Any CPU
	EndGlobalSection
	GlobalSection(SolutionProperties) = preSolution
		HideSolutionNode = FALSE
	EndGlobalSection
	GlobalSection(ExtensibilityGlobals) = postSolution
		SolutionGuid = {1289B6BE-A4FC-4B48-9BFB-C78F7DF1F7DA}
	EndGlobalSection
EndGlobal
